{
  "nodes": {
    "nixlib": {
      "locked": {
        "lastModified": 1627777762,
        "narHash": "sha256-Tiuvy3qzX0XYba5215U4x885y6QQrnFCEU6v7lZRn8A=",
        "owner": "nix-community",
        "repo": "nixpkgs.lib",
        "rev": "e3950f15efbebaa33d5252ab8c49d5ebb25423c6",
        "type": "github"
      },
      "original": {
        "owner": "nix-community",
        "repo": "nixpkgs.lib",
        "type": "github"
      }
    },
    "root": {
      "inputs": {
        "nixlib": "nixlib"
      }
    }
  },
  "root": "root",
  "version": 7
}
